
Microsoft Visual Studio Solution File, Format Version 12.00
# Visual Studio 2012
Project("{FAE04EC0-301F-11D3-BF4B-00C04F79EFBC}") = "Demo.Specs", "Demo.Specs\Demo.Specs.csproj", "{7F8B7C30-8C7E-41EF-AC80-F95BC9C877DD}"
EndProject
Project("{FAE04EC0-301F-11D3-BF4B-00C04F79EFBC}") = "HL7v2Specs", "HL7v2Specs\HL7v2Specs.csproj", "{5386AF39-A304-45D0-8F1A-1041649A2AA1}"
EndProject
Project("{2150E333-8FDC-42A3-9474-1A3956D46DE8}") = ".nuget", ".nuget", "{C1B481C3-CCCD-4A84-B20D-A10891CA5F52}"
	ProjectSection(SolutionItems) = preProject
		.nuget\packages.config = .nuget\packages.config
	EndProjectSection
EndProject
Project("{FAE04EC0-301F-11D3-BF4B-00C04F79EFBC}") = "HL7v2", "HL7v2\HL7v2.csproj", "{AD04BE06-7D27-455F-B0C3-EE2B538CBEF4}"
EndProject
Project("{FAE04EC0-301F-11D3-BF4B-00C04F79EFBC}") = "HL7v2Diagnostic", "HL7v2Diagnostic\HL7v2Diagnostic.csproj", "{082B7F1C-A5C8-4DD9-86B2-749DBC8581CE}"
EndProject
Project("{FAE04EC0-301F-11D3-BF4B-00C04F79EFBC}") = "HL7LoaderSpecs", "HL7LoaderSpecs\HL7LoaderSpecs.csproj", "{96F4E1B2-A1B6-446C-98AD-C34BEEA2D29D}"
EndProject
Global
	GlobalSection(SolutionConfigurationPlatforms) = preSolution
		Debug|Any CPU = Debug|Any CPU
		Release|Any CPU = Release|Any CPU
	EndGlobalSection
	GlobalSection(ProjectConfigurationPlatforms) = postSolution
		{7F8B7C30-8C7E-41EF-AC80-F95BC9C877DD}.Debug|Any CPU.ActiveCfg = Debug|Any CPU
		{7F8B7C30-8C7E-41EF-AC80-F95BC9C877DD}.Debug|Any CPU.Build.0 = Debug|Any CPU
		{7F8B7C30-8C7E-41EF-AC80-F95BC9C877DD}.Release|Any CPU.ActiveCfg = Release|Any CPU
		{7F8B7C30-8C7E-41EF-AC80-F95BC9C877DD}.Release|Any CPU.Build.0 = Release|Any CPU
		{5386AF39-A304-45D0-8F1A-1041649A2AA1}.Debug|Any CPU.ActiveCfg = Debug|Any CPU
		{5386AF39-A304-45D0-8F1A-1041649A2AA1}.Debug|Any CPU.Build.0 = Debug|Any CPU
		{5386AF39-A304-45D0-8F1A-1041649A2AA1}.Release|Any CPU.ActiveCfg = Release|Any CPU
		{5386AF39-A304-45D0-8F1A-1041649A2AA1}.Release|Any CPU.Build.0 = Release|Any CPU
		{AD04BE06-7D27-455F-B0C3-EE2B538CBEF4}.Debug|Any CPU.ActiveCfg = Debug|Any CPU
		{AD04BE06-7D27-455F-B0C3-EE2B538CBEF4}.Debug|Any CPU.Build.0 = Debug|Any CPU
		{AD04BE06-7D27-455F-B0C3-EE2B538CBEF4}.Release|Any CPU.ActiveCfg = Release|Any CPU
		{AD04BE06-7D27-455F-B0C3-EE2B538CBEF4}.Release|Any CPU.Build.0 = Release|Any CPU
		{082B7F1C-A5C8-4DD9-86B2-749DBC8581CE}.Debug|Any CPU.ActiveCfg = Debug|Any CPU
		{082B7F1C-A5C8-4DD9-86B2-749DBC8581CE}.Debug|Any CPU.Build.0 = Debug|Any CPU
		{082B7F1C-A5C8-4DD9-86B2-749DBC8581CE}.Release|Any CPU.ActiveCfg = Release|Any CPU
		{082B7F1C-A5C8-4DD9-86B2-749DBC8581CE}.Release|Any CPU.Build.0 = Release|Any CPU
		{96F4E1B2-A1B6-446C-98AD-C34BEEA2D29D}.Debug|Any CPU.ActiveCfg = Debug|Any CPU
		{96F4E1B2-A1B6-446C-98AD-C34BEEA2D29D}.Debug|Any CPU.Build.0 = Debug|Any CPU
		{96F4E1B2-A1B6-446C-98AD-C34BEEA2D29D}.Release|Any CPU.ActiveCfg = Release|Any CPU
		{96F4E1B2-A1B6-446C-98AD-C34BEEA2D29D}.Release|Any CPU.Build.0 = Release|Any CPU
	EndGlobalSection
	GlobalSection(SolutionProperties) = preSolution
		HideSolutionNode = FALSE
	EndGlobalSection
EndGlobal
